Microsoft Visual Studio Solution File, Format Version 11.00
# Visual Studio 2008

Project("{F9DCBC74-4AB9-4779-E378-B28C93B17072}") = "Sidescrollerfg", "Assembly-CSharp-firstpass-vs.csproj", "{FBD89A21-30BE-FA17-BE48-3CDA06CDCA90}"
EndProject
Project("{F9DCBC74-4AB9-4779-E378-B28C93B17072}") = "Sidescrollerfg", "Assembly-CSharp-vs.csproj", "{8B2F7B3E-3D3F-C463-E32A-5090D9D3106A}"
EndProject
Project("{F9DCBC74-4AB9-4779-E378-B28C93B17072}") = "Sidescrollerfg", "Assembly-CSharp-Editor-vs.csproj", "{FEDF83A9-2002-F3E1-6DF2-A6AE5977291B}"
EndProject
Global
	GlobalSection(SolutionConfigurationPlatforms) = preSolution
		Debug|Any CPU = Debug|Any CPU
		Release|Any CPU = Release|Any CPU
	EndGlobalSection
	GlobalSection(ProjectConfigurationPlatforms) = postSolution
		{FBD89A21-30BE-FA17-BE48-3CDA06CDCA90}.Debug|Any CPU.ActiveCfg = Debug|Any CPU
		{FBD89A21-30BE-FA17-BE48-3CDA06CDCA90}.Debug|Any CPU.Build.0 = Debug|Any CPU
		{FBD89A21-30BE-FA17-BE48-3CDA06CDCA90}.Release|Any CPU.ActiveCfg = Release|Any CPU
		{FBD89A21-30BE-FA17-BE48-3CDA06CDCA90}.Release|Any CPU.Build.0 = Release|Any CPU
		{8B2F7B3E-3D3F-C463-E32A-5090D9D3106A}.Debug|Any CPU.ActiveCfg = Debug|Any CPU
		{8B2F7B3E-3D3F-C463-E32A-5090D9D3106A}.Debug|Any CPU.Build.0 = Debug|Any CPU
		{8B2F7B3E-3D3F-C463-E32A-5090D9D3106A}.Release|Any CPU.ActiveCfg = Release|Any CPU
		{8B2F7B3E-3D3F-C463-E32A-5090D9D3106A}.Release|Any CPU.Build.0 = Release|Any CPU
		{FEDF83A9-2002-F3E1-6DF2-A6AE5977291B}.Debug|Any CPU.ActiveCfg = Debug|Any CPU
		{FEDF83A9-2002-F3E1-6DF2-A6AE5977291B}.Debug|Any CPU.Build.0 = Debug|Any CPU
		{FEDF83A9-2002-F3E1-6DF2-A6AE5977291B}.Release|Any CPU.ActiveCfg = Release|Any CPU
		{FEDF83A9-2002-F3E1-6DF2-A6AE5977291B}.Release|Any CPU.Build.0 = Release|Any CPU
	EndGlobalSection
	GlobalSection(SolutionProperties) = preSolution
		HideSolutionNode = FALSE
	EndGlobalSection
																																																																																																																																																																																																			GlobalSection(MonoDevelopProperties) = preSolution
		StartupItem = Assembly-CSharp.csproj
		Policies = $0
		$0.TextStylePolicy = $1
		$1.inheritsSet = null
		$1.scope = text/x-csharp
		$0.CSharpFormattingPolicy = $2
		$2.inheritsSet = Mono
		$2.inheritsScope = text/x-csharp
		$2.scope = text/x-csharp
		$0.TextStylePolicy = $3
		$3.FileWidth = 120
		$3.TabWidth = 4
		$3.EolMarker = Unix
		$3.inheritsSet = Mono
		$3.inheritsScope = text/plain
		$3.scope = text/plain
	EndGlobalSection

EndGlobal
